// !$*UTF8*$!
{
	archiveVersion = 1;
	classes = {
	};
	objectVersion = 50;
	objects = {

/* Begin PBXBuildFile section */
		FB41193A28F77E8D00E1E2D5 /* ViewControllerEquipo.swift in Sources */ = {isa = PBXBuildFile; fileRef = FB41193928F77E8D00E1E2D5 /* ViewControllerEquipo.swift */; };
		FB41193D28F77E9F00E1E2D5 /* ViewControllerPartidos.swift in Sources */ = {isa = PBXBuildFile; fileRef = FB41193C28F77E9F00E1E2D5 /* ViewControllerPartidos.swift */; };
		FB41194028F77EE500E1E2D5 /* ViewControllerAgregarJugador.swift in Sources */ = {isa = PBXBuildFile; fileRef = FB41193F28F77EE500E1E2D5 /* ViewControllerAgregarJugador.swift */; };
		FB41194328F77EFA00E1E2D5 /* ViewControllerEliminarJugador.swift in Sources */ = {isa = PBXBuildFile; fileRef = FB41194228F77EFA00E1E2D5 /* ViewControllerEliminarJugador.swift */; };
		FB41194728F77F5C00E1E2D5 /* ViewControllerAgregarPartido.swift in Sources */ = {isa = PBXBuildFile; fileRef = FB41194628F77F5C00E1E2D5 /* ViewControllerAgregarPartido.swift */; };
		FB41194A28F77F6A00E1E2D5 /* ViewControllerEliminarPartido.swift in Sources */ = {isa = PBXBuildFile; fileRef = FB41194928F77F6A00E1E2D5 /* ViewControllerEliminarPartido.swift */; };
		FB74D8A128F4EBAD008EEB15 /* AppDelegate.swift in Sources */ = {isa = PBXBuildFile; fileRef = FB74D8A028F4EBAD008EEB15 /* AppDelegate.swift */; };
		FB74D8A328F4EBAD008EEB15 /* SceneDelegate.swift in Sources */ = {isa = PBXBuildFile; fileRef = FB74D8A228F4EBAD008EEB15 /* SceneDelegate.swift */; };
		FB74D8A828F4EBAD008EEB15 /* Main.storyboard in Resources */ = {isa = PBXBuildFile; fileRef = FB74D8A628F4EBAD008EEB15 /* Main.storyboard */; };
		FB74D8AA28F4EBB4008EEB15 /* Assets.xcassets in Resources */ = {isa = PBXBuildFile; fileRef = FB74D8A928F4EBB4008EEB15 /* Assets.xcassets */; };
		FB74D8AD28F4EBB4008EEB15 /* LaunchScreen.storyboard in Resources */ = {isa = PBXBuildFile; fileRef = FB74D8AB28F4EBB4008EEB15 /* LaunchScreen.storyboard */; };
/* End PBXBuildFile section */

/* Begin PBXFileReference section */
		FB41193928F77E8D00E1E2D5 /* ViewControllerEquipo.swift */ = {isa = PBXFileReference; lastKnownFileType = sourcecode.swift; path = ViewControllerEquipo.swift; sourceTree = "<group>"; };
		FB41193C28F77E9F00E1E2D5 /* ViewControllerPartidos.swift */ = {isa = PBXFileReference; lastKnownFileType = sourcecode.swift; path = ViewControllerPartidos.swift; sourceTree = "<group>"; };
		FB41193F28F77EE500E1E2D5 /* ViewControllerAgregarJugador.swift */ = {isa = PBXFileReference; lastKnownFileType = sourcecode.swift; path = ViewControllerAgregarJugador.swift; sourceTree = "<group>"; };
		FB41194228F77EFA00E1E2D5 /* ViewControllerEliminarJugador.swift */ = {isa = PBXFileReference; lastKnownFileType = sourcecode.swift; path = ViewControllerEliminarJugador.swift; sourceTree = "<group>"; };
		FB41194628F77F5C00E1E2D5 /* ViewControllerAgregarPartido.swift */ = {isa = PBXFileReference; lastKnownFileType = sourcecode.swift; path = ViewControllerAgregarPartido.swift; sourceTree = "<group>"; };
		FB41194928F77F6A00E1E2D5 /* ViewControllerEliminarPartido.swift */ = {isa = PBXFileReference; lastKnownFileType = sourcecode.swift; path = ViewControllerEliminarPartido.swift; sourceTree = "<group>"; };
		FB74D89D28F4EBAD008EEB15 /* Evidencia.app */ = {isa = PBXFileReference; explicitFileType = wrapper.application; includeInIndex = 0; path = Evidencia.app; sourceTree = BUILT_PRODUCTS_DIR; };
		FB74D8A028F4EBAD008EEB15 /* AppDelegate.swift */ = {isa = PBXFileReference; lastKnownFileType = sourcecode.swift; path = AppDelegate.swift; sourceTree = "<group>"; };
		FB74D8A228F4EBAD008EEB15 /* SceneDelegate.swift */ = {isa = PBXFileReference; lastKnownFileType = sourcecode.swift; path = SceneDelegate.swift; sourceTree = "<group>"; };
		FB74D8A728F4EBAD008EEB15 /* Base */ = {isa = PBXFileReference; lastKnownFileType = file.storyboard; name = Base; path = Base.lproj/Main.storyboard; sourceTree = "<group>"; };
		FB74D8A928F4EBB4008EEB15 /* Assets.xcassets */ = {isa = PBXFileReference; lastKnownFileType = folder.assetcatalog; path = Assets.xcassets; sourceTree = "<group>"; };
		FB74D8AC28F4EBB4008EEB15 /* Base */ = {isa = PBXFileReference; lastKnownFileType = file.storyboard; name = Base; path = Base.lproj/LaunchScreen.storyboard; sourceTree = "<group>"; };
		FB74D8AE28F4EBB4008EEB15 /* Info.plist */ = {isa = PBXFileReference; lastKnownFileType = text.plist.xml; path = Info.plist; sourceTree = "<group>"; };
/* End PBXFileReference section */

/* Begin PBXFrameworksBuildPhase section */
		FB74D89A28F4EBAD008EEB15 /* Frameworks */ = {
			isa = PBXFrameworksBuildPhase;
			buildActionMask = 2147483647;
			files = (
			);
			runOnlyForDeploymentPostprocessing = 0;
		};
/* End PBXFrameworksBuildPhase section */

/* Begin PBXGroup section */
		FB41194528F77F2000E1E2D5 /* ViewsControllers */ = {
			isa = PBXGroup;
			children = (
				FB41193C28F77E9F00E1E2D5 /* ViewControllerPartidos.swift */,
				FB41193928F77E8D00E1E2D5 /* ViewControllerEquipo.swift */,
				FB41194228F77EFA00E1E2D5 /* ViewControllerEliminarJugador.swift */,
				FB41193F28F77EE500E1E2D5 /* ViewControllerAgregarJugador.swift */,
				FB41194628F77F5C00E1E2D5 /* ViewControllerAgregarPartido.swift */,
				FB41194928F77F6A00E1E2D5 /* ViewControllerEliminarPartido.swift */,
			);
			name = ViewsControllers;
			sourceTree = "<group>";
		};
		FB74D89428F4EBAD008EEB15 = {
			isa = PBXGroup;
			children = (
				FB74D89F28F4EBAD008EEB15 /* Evidencia */,
				FB74D89E28F4EBAD008EEB15 /* Products */,
			);
			sourceTree = "<group>";
		};
		FB74D89E28F4EBAD008EEB15 /* Products */ = {
			isa = PBXGroup;
			children = (
				FB74D89D28F4EBAD008EEB15 /* Evidencia.app */,
			);
			name = Products;
			sourceTree = "<group>";
		};
		FB74D89F28F4EBAD008EEB15 /* Evidencia */ = {
			isa = PBXGroup;
			children = (
				FB41194528F77F2000E1E2D5 /* ViewsControllers */,
				FB74D8A028F4EBAD008EEB15 /* AppDelegate.swift */,
				FB74D8A228F4EBAD008EEB15 /* SceneDelegate.swift */,
				FB74D8A628F4EBAD008EEB15 /* Main.storyboard */,
				FB74D8A928F4EBB4008EEB15 /* Assets.xcassets */,
				FB74D8AB28F4EBB4008EEB15 /* LaunchScreen.storyboard */,
				FB74D8AE28F4EBB4008EEB15 /* Info.plist */,
			);
			path = Evidencia;
			sourceTree = "<group>";
		};
/* End PBXGroup section */

/* Begin PBXNativeTarget section */
		FB74D89C28F4EBAD008EEB15 /* Evidencia */ = {
			isa = PBXNativeTarget;
			buildConfigurationList = FB74D8B128F4EBB4008EEB15 /* Build configuration list for PBXNativeTarget "Evidencia" */;
			buildPhases = (
				FB74D89928F4EBAD008EEB15 /* Sources */,
				FB74D89A28F4EBAD008EEB15 /* Frameworks */,
				FB74D89B28F4EBAD008EEB15 /* Resources */,
			);
			buildRules = (
			);
			dependencies = (
			);
			name = Evidencia;
			productName = Evidencia;
			productReference = FB74D89D28F4EBAD008EEB15 /* Evidencia.app */;
			productType = "com.apple.product-type.application";
		};
/* End PBXNativeTarget section */

/* Begin PBXProject section */
		FB74D89528F4EBAD008EEB15 /* Project object */ = {
			isa = PBXProject;
			attributes = {
				LastSwiftUpdateCheck = 1240;
				LastUpgradeCheck = 1240;
				TargetAttributes = {
					FB74D89C28F4EBAD008EEB15 = {
						CreatedOnToolsVersion = 12.4;
					};
				};
			};
			buildConfigurationList = FB74D89828F4EBAD008EEB15 /* Build configuration list for PBXProject "Evidencia" */;
			compatibilityVersion = "Xcode 9.3";
			developmentRegion = en;
			hasScannedForEncodings = 0;
			knownRegions = (
				en,
				Base,
			);
			mainGroup = FB74D89428F4EBAD008EEB15;
			productRefGroup = FB74D89E28F4EBAD008EEB15 /* Products */;
			projectDirPath = "";
			projectRoot = "";
			targets = (
				FB74D89C28F4EBAD008EEB15 /* Evidencia */,
			);
		};
/* End PBXProject section */

/* Begin PBXResourcesBuildPhase section */
		FB74D89B28F4EBAD008EEB15 /* Resources */ = {
			isa = PBXResourcesBuildPhase;
			buildActionMask = 2147483647;
			files = (
				FB74D8AD28F4EBB4008EEB15 /* LaunchScreen.storyboard in Resources */,
				FB74D8AA28F4EBB4008EEB15 /* Assets.xcassets in Resources */,
				FB74D8A828F4EBAD008EEB15 /* Main.storyboard in Resources */,
			);
			runOnlyForDeploymentPostprocessing = 0;
		};
/* End PBXResourcesBuildPhase section */

/* Begin PBXSourcesBuildPhase section */
		FB74D89928F4EBAD008EEB15 /* Sources */ = {
			isa = PBXSourcesBuildPhase;
			buildActionMask = 2147483647;
			files = (
				FB41194728F77F5C00E1E2D5 /* ViewControllerAgregarPartido.swift in Sources */,
				FB41193D28F77E9F00E1E2D5 /* ViewControllerPartidos.swift in Sources */,
				FB74D8A128F4EBAD008EEB15 /* AppDelegate.swift in Sources */,
				FB74D8A328F4EBAD008EEB15 /* SceneDelegate.swift in Sources */,
				FB41193A28F77E8D00E1E2D5 /* ViewControllerEquipo.swift in Sources */,
				FB41194A28F77F6A00E1E2D5 /* ViewControllerEliminarPartido.swift in Sources */,
				FB41194328F77EFA00E1E2D5 /* ViewControllerEliminarJugador.swift in Sources */,
				FB41194028F77EE500E1E2D5 /* ViewControllerAgregarJugador.swift in Sources */,
			);
			runOnlyForDeploymentPostprocessing = 0;
		};
/* End PBXSourcesBuildPhase section */

/* Begin PBXVariantGroup section */
		FB74D8A628F4EBAD008EEB15 /* Main.storyboard */ = {
			isa = PBXVariantGroup;
			children = (
				FB74D8A728F4EBAD008EEB15 /* Base */,
			);
			name = Main.storyboard;
			sourceTree = "<group>";
		};
		FB74D8AB28F4EBB4008EEB15 /* LaunchScreen.storyboard */ = {
			isa = PBXVariantGroup;
			children = (
				FB74D8AC28F4EBB4008EEB15 /* Base */,
			);
			name = LaunchScreen.storyboard;
			sourceTree = "<group>";
		};
/* End PBXVariantGroup section */

/* Begin XCBuildConfiguration section */
		FB74D8AF28F4EBB4008EEB15 /* Debug */ = {
			isa = XCBuildConfiguration;
			buildSettings = {
				ALWAYS_SEARCH_USER_PATHS = NO;
				CLANG_ANALYZER_NONNULL = YES;
				CLANG_ANALYZER_NUMBER_OBJECT_CONVERSION = YES_AGGRESSIVE;
				CLANG_CXX_LANGUAGE_STANDARD = "gnu++14";
				CLANG_CXX_LIBRARY = "libc++";
				CLANG_ENABLE_MODULES = YES;
				CLANG_ENABLE_OBJC_ARC = YES;
				CLANG_ENABLE_OBJC_WEAK = YES;
				CLANG_WARN_BLOCK_CAPTURE_AUTORELEASING = YES;
				CLANG_WARN_BOOL_CONVERSION = YES;
				CLANG_WARN_COMMA = YES;
				CLANG_WARN_CONSTANT_CONVERSION = YES;
				CLANG_WARN_DEPRECATED_OBJC_IMPLEMENTATIONS = YES;
				CLANG_WARN_DIRECT_OBJC_ISA_USAGE = YES_ERROR;
				CLANG_WARN_DOCUMENTATION_COMMENTS = YES;
				CLANG_WARN_EMPTY_BODY = YES;
				CLANG_WARN_ENUM_CONVERSION = YES;
				CLANG_WARN_INFINITE_RECURSION = YES;
				CLANG_WARN_INT_CONVERSION = YES;
				CLANG_WARN_NON_LITERAL_NULL_CONVERSION = YES;
				CLANG_WARN_OBJC_IMPLICIT_RETAIN_SELF = YES;
				CLANG_WARN_OBJC_LITERAL_CONVERSION = YES;
				CLANG_WARN_OBJC_ROOT_CLASS = YES_ERROR;
				CLANG_WARN_QUOTED_INCLUDE_IN_FRAMEWORK_HEADER = YES;
				CLANG_WARN_RANGE_LOOP_ANALYSIS = YES;
				CLANG_WARN_STRICT_PROTOTYPES = YES;
				CLANG_WARN_SUSPICIOUS_MOVE = YES;
				CLANG_WARN_UNGUARDED_AVAILABILITY = YES_AGGRESSIVE;
				CLANG_WARN_UNREACHABLE_CODE = YES;
				CLANG_WARN__DUPLICATE_METHOD_MATCH = YES;
				COPY_PHASE_STRIP = NO;
				DEBUG_INFORMATION_FORMAT = dwarf;
				ENABLE_STRICT_OBJC_MSGSEND = YES;
				ENABLE_TESTABILITY = YES;
				GCC_C_LANGUAGE_STANDARD = gnu11;
				GCC_DYNAMIC_NO_PIC = NO;
				GCC_NO_COMMON_BLOCKS = YES;
				GCC_OPTIMIZATION_LEVEL = 0;
				GCC_PREPROCESSOR_DEFINITIONS = (
					"DEBUG=1",
					"$(inherited)",
				);
				GCC_WARN_64_TO_32_BIT_CONVERSION = YES;
				GCC_WARN_ABOUT_RETURN_TYPE = YES_ERROR;
				GCC_WARN_UNDECLARED_SELECTOR = YES;
				GCC_WARN_UNINITIALIZED_AUTOS = YES_AGGRESSIVE;
				GCC_WARN_UNUSED_FUNCTION = YES;
				GCC_WARN_UNUSED_VARIABLE = YES;
				IPHONEOS_DEPLOYMENT_TARGET = 14.4;
				MTL_ENABLE_DEBUG_INFO = INCLUDE_SOURCE;
				MTL_FAST_MATH = YES;
				ONLY_ACTIVE_ARCH = YES;
				SDKROOT = iphoneos;
				SWIFT_ACTIVE_COMPILATION_CONDITIONS = DEBUG;
				SWIFT_OPTIMIZATION_LEVEL = "-Onone";
			};
			name = Debug;
		};
		FB74D8B028F4EBB4008EEB15 /* Release */ = {
			isa = XCBuildConfiguration;
			buildSettings = {
				ALWAYS_SEARCH_USER_PATHS = NO;
				CLANG_ANALYZER_NONNULL = YES;
				CLANG_ANALYZER_NUMBER_OBJECT_CONVERSION = YES_AGGRESSIVE;
				CLANG_CXX_LANGUAGE_STANDARD = "gnu++14";
				CLANG_CXX_LIBRARY = "libc++";
				CLANG_ENABLE_MODULES = YES;
				CLANG_ENABLE_OBJC_ARC = YES;
				CLANG_ENABLE_OBJC_WEAK = YES;
				CLANG_WARN_BLOCK_CAPTURE_AUTORELEASING = YES;
				CLANG_WARN_BOOL_CONVERSION = YES;
				CLANG_WARN_COMMA = YES;
				CLANG_WARN_CONSTANT_CONVERSION = YES;
				CLANG_WARN_DEPRECATED_OBJC_IMPLEMENTATIONS = YES;
				CLANG_WARN_DIRECT_OBJC_ISA_USAGE = YES_ERROR;
				CLANG_WARN_DOCUMENTATION_COMMENTS = YES;
				CLANG_WARN_EMPTY_BODY = YES;
				CLANG_WARN_ENUM_CONVERSION = YES;
				CLANG_WARN_INFINITE_RECURSION = YES;
				CLANG_WARN_INT_CONVERSION = YES;
				CLANG_WARN_NON_LITERAL_NULL_CONVERSION = YES;
				CLANG_WARN_OBJC_IMPLICIT_RETAIN_SELF = YES;
				CLANG_WARN_OBJC_LITERAL_CONVERSION = YES;
				CLANG_WARN_OBJC_ROOT_CLASS = YES_ERROR;
				CLANG_WARN_QUOTED_INCLUDE_IN_FRAMEWORK_HEADER = YES;
				CLANG_WARN_RANGE_LOOP_ANALYSIS = YES;
				CLANG_WARN_STRICT_PROTOTYPES = YES;
				CLANG_WARN_SUSPICIOUS_MOVE = YES;
				CLANG_WARN_UNGUARDED_AVAILABILITY = YES_AGGRESSIVE;
				CLANG_WARN_UNREACHABLE_CODE = YES;
				CLANG_WARN__DUPLICATE_METHOD_MATCH = YES;
				COPY_PHASE_STRIP = NO;
				DEBUG_INFORMATION_FORMAT = "dwarf-with-dsym";
				ENABLE_NS_ASSERTIONS = NO;
				ENABLE_STRICT_OBJC_MSGSEND = YES;
				GCC_C_LANGUAGE_STANDARD = gnu11;
				GCC_NO_COMMON_BLOCKS = YES;
				GCC_WARN_64_TO_32_BIT_CONVERSION = YES;
				GCC_WARN_ABOUT_RETURN_TYPE = YES_ERROR;
				GCC_WARN_UNDECLARED_SELECTOR = YES;
				GCC_WARN_UNINITIALIZED_AUTOS = YES_AGGRESSIVE;
				GCC_WARN_UNUSED_FUNCTION = YES;
				GCC_WARN_UNUSED_VARIABLE = YES;
				IPHONEOS_DEPLOYMENT_TARGET = 14.4;
				MTL_ENABLE_DEBUG_INFO = NO;
				MTL_FAST_MATH = YES;
				SDKROOT = iphoneos;
				SWIFT_COMPILATION_MODE = wholemodule;
				SWIFT_OPTIMIZATION_LEVEL = "-O";
				VALIDATE_PRODUCT = YES;
			};
			name = Release;
		};
		FB74D8B228F4EBB4008EEB15 /* Debug */ = {
			isa = XCBuildConfiguration;
			buildSettings = {
				ASSETCATALOG_COMPILER_APPICON_NAME = AppIcon;
				ASSETCATALOG_COMPILER_GLOBAL_ACCENT_COLOR_NAME = AccentColor;
				CODE_SIGN_STYLE = Automatic;
				INFOPLIST_FILE = Evidencia/Info.plist;
				LD_RUNPATH_SEARCH_PATHS = (
					"$(inherited)",
					"@executable_path/Frameworks",
				);
				PRODUCT_BUNDLE_IDENTIFIER = tecmi.Evidencia;
				PRODUCT_NAME = "$(TARGET_NAME)";
				SWIFT_VERSION = 5.0;
				TARGETED_DEVICE_FAMILY = "1,2";
			};
			name = Debug;
		};
		FB74D8B328F4EBB4008EEB15 /* Release */ = {
			isa = XCBuildConfiguration;
			buildSettings = {
				ASSETCATALOG_COMPILER_APPICON_NAME = AppIcon;
				ASSETCATALOG_COMPILER_GLOBAL_ACCENT_COLOR_NAME = AccentColor;
				CODE_SIGN_STYLE = Automatic;
				INFOPLIST_FILE = Evidencia/Info.plist;
				LD_RUNPATH_SEARCH_PATHS = (
					"$(inherited)",
					"@executable_path/Frameworks",
				);
				PRODUCT_BUNDLE_IDENTIFIER = tecmi.Evidencia;
				PRODUCT_NAME = "$(TARGET_NAME)";
				SWIFT_VERSION = 5.0;
				TARGETED_DEVICE_FAMILY = "1,2";
			};
			name = Release;
		};
/* End XCBuildConfiguration section */

/* Begin XCConfigurationList section */
		FB74D89828F4EBAD008EEB15 /* Build configuration list for PBXProject "Evidencia" */ = {
			isa = XCConfigurationList;
			buildConfigurations = (
				FB74D8AF28F4EBB4008EEB15 /* Debug */,
				FB74D8B028F4EBB4008EEB15 /* Release */,
			);
			defaultConfigurationIsVisible = 0;
			defaultConfigurationName = Release;
		};
		FB74D8B128F4EBB4008EEB15 /* Build configuration list for PBXNativeTarget "Evidencia" */ = {
			isa = XCConfigurationList;
			buildConfigurations = (
				FB74D8B228F4EBB4008EEB15 /* Debug */,
				FB74D8B328F4EBB4008EEB15 /* Release */,
			);
			defaultConfigurationIsVisible = 0;
			defaultConfigurationName = Release;
		};
/* End XCConfigurationList section */
	};
	rootObject = FB74D89528F4EBAD008EEB15 /* Project object */;
}
